
Microsoft Visual Studio Solution File, Format Version 12.00
# Visual Studio Version 16
VisualStudioVersion = 16.0.810.23
MinimumVisualStudioVersion = 10.0.40219.1
Project("{FAE04EC0-301F-11D3-BF4B-00C04F79EFBC}") = "ecommerceAPI", "ecommerceAPI.csproj", "{14EEFB81-1DF5-4F1D-A182-A1D52618D7C6}"
EndProject
Global
	GlobalSection(SolutionConfigurationPlatforms) = preSolution
		Debug|Any CPU = Debug|Any CPU
		Release|Any CPU = Release|Any CPU
	EndGlobalSection
	GlobalSection(ProjectConfigurationPlatforms) = postSolution
		{14EEFB81-1DF5-4F1D-A182-A1D52618D7C6}.Debug|Any CPU.ActiveCfg = Debug|Any CPU
		{14EEFB81-1DF5-4F1D-A182-A1D52618D7C6}.Debug|Any CPU.Build.0 = Debug|Any CPU
		{14EEFB81-1DF5-4F1D-A182-A1D52618D7C6}.Release|Any CPU.ActiveCfg = Release|Any CPU
		{14EEFB81-1DF5-4F1D-A182-A1D52618D7C6}.Release|Any CPU.Build.0 = Release|Any CPU
	EndGlobalSection
	GlobalSection(SolutionProperties) = preSolution
		HideSolutionNode = FALSE
	EndGlobalSection
	GlobalSection(ExtensibilityGlobals) = postSolution
		SolutionGuid = {3E67225B-EDCB-41E1-BF7D-58994C58DB8E}
	EndGlobalSection
EndGlobal
